// !$*UTF8*$!
{
	archiveVersion = 1;
	classes = {
	};
	objectVersion = 56;
	objects = {

/* Begin PBXBuildFile section */
		B401E38A2A3D73870084557F /* AppDelegate.swift in Sources */ = {isa = PBXBuildFile; fileRef = B401E3892A3D73870084557F /* AppDelegate.swift */; };
		B401E38C2A3D73870084557F /* SceneDelegate.swift in Sources */ = {isa = PBXBuildFile; fileRef = B401E38B2A3D73870084557F /* SceneDelegate.swift */; };
		B401E3932A3D73890084557F /* Assets.xcassets in Resources */ = {isa = PBXBuildFile; fileRef = B401E3922A3D73890084557F /* Assets.xcassets */; };
		B401E3962A3D73890084557F /* LaunchScreen.storyboard in Resources */ = {isa = PBXBuildFile; fileRef = B401E3942A3D73890084557F /* LaunchScreen.storyboard */; };
		B401E39E2A3D74F30084557F /* PurrpleCat.mp3 in Resources */ = {isa = PBXBuildFile; fileRef = B401E39D2A3D74F30084557F /* PurrpleCat.mp3 */; };
		B401E3A02A3D75440084557F /* Colors.swift in Sources */ = {isa = PBXBuildFile; fileRef = B401E39F2A3D75440084557F /* Colors.swift */; };
		B401E3A22A3D768B0084557F /* R.swift in Sources */ = {isa = PBXBuildFile; fileRef = B401E3A12A3D768B0084557F /* R.swift */; };
		B401E3A72A3D85710084557F /* MusicController.swift in Sources */ = {isa = PBXBuildFile; fileRef = B401E38D2A3D73870084557F /* MusicController.swift */; };
		B401E3AB2A3F99BD0084557F /* Disk.swift in Sources */ = {isa = PBXBuildFile; fileRef = B401E3AA2A3F99BD0084557F /* Disk.swift */; };
		B401E3AD2A40474E0084557F /* NavigationBar.swift in Sources */ = {isa = PBXBuildFile; fileRef = B401E3AC2A40474E0084557F /* NavigationBar.swift */; };
		B401E3AF2A4048860084557F /* MusicNavBar.swift in Sources */ = {isa = PBXBuildFile; fileRef = B401E3AE2A4048860084557F /* MusicNavBar.swift */; };
		B401E3B12A404F350084557F /* Button.swift in Sources */ = {isa = PBXBuildFile; fileRef = B401E3B02A404F350084557F /* Button.swift */; };
		B41FBE3A2A4077B400037A54 /* Heart-Of-The-Ocean.mp3 in Resources */ = {isa = PBXBuildFile; fileRef = B41FBE392A4077B400037A54 /* Heart-Of-The-Ocean.mp3 */; };
		B41FBE412A4194CF00037A54 /* MainView.swift in Sources */ = {isa = PBXBuildFile; fileRef = B41FBE402A4194CF00037A54 /* MainView.swift */; };
		B41FBE432A41AC9A00037A54 /* MainScreenButtons.swift in Sources */ = {isa = PBXBuildFile; fileRef = B41FBE422A41AC9A00037A54 /* MainScreenButtons.swift */; };
		B41FBE452A41D8AB00037A54 /* Ext.swift in Sources */ = {isa = PBXBuildFile; fileRef = B41FBE442A41D8AB00037A54 /* Ext.swift */; };
		B41FBE482A42208A00037A54 /* StormClouds.mp3 in Resources */ = {isa = PBXBuildFile; fileRef = B41FBE472A42208A00037A54 /* StormClouds.mp3 */; };
		B41FBE4A2A42726E00037A54 /* Rain.mp3 in Resources */ = {isa = PBXBuildFile; fileRef = B41FBE492A42726E00037A54 /* Rain.mp3 */; };
		B41FBE4C2A42740800037A54 /* SilentWood.mp3 in Resources */ = {isa = PBXBuildFile; fileRef = B41FBE4B2A42740800037A54 /* SilentWood.mp3 */; };
		B41FBE4E2A42757200037A54 /* PurpleDream.mp3 in Resources */ = {isa = PBXBuildFile; fileRef = B41FBE4D2A42757200037A54 /* PurpleDream.mp3 */; };
		B41FBE6E2A44A14800037A54 /* SoundsController.swift in Sources */ = {isa = PBXBuildFile; fileRef = B41FBE6D2A44A14800037A54 /* SoundsController.swift */; };
		B41FBE722A44A18600037A54 /* OtherCollection.swift in Sources */ = {isa = PBXBuildFile; fileRef = B41FBE712A44A18600037A54 /* OtherCollection.swift */; };
		B41FBE742A44A19300037A54 /* OtherCell.swift in Sources */ = {isa = PBXBuildFile; fileRef = B41FBE732A44A19300037A54 /* OtherCell.swift */; };
		B41FBE772A44A1C500037A54 /* AnimalCollection.swift in Sources */ = {isa = PBXBuildFile; fileRef = B41FBE762A44A1C500037A54 /* AnimalCollection.swift */; };
		B41FBE792A44A1D400037A54 /* AnimalCell.swift in Sources */ = {isa = PBXBuildFile; fileRef = B41FBE782A44A1D400037A54 /* AnimalCell.swift */; };
		B41FBE7B2A44A21800037A54 /* SoundsHeaders.swift in Sources */ = {isa = PBXBuildFile; fileRef = B41FBE7A2A44A21800037A54 /* SoundsHeaders.swift */; };
		B41FBE7F2A44A27A00037A54 /* NatureCell.swift in Sources */ = {isa = PBXBuildFile; fileRef = B41FBE7E2A44A27A00037A54 /* NatureCell.swift */; };
		B41FBE822A44A2AA00037A54 /* NatureCollectionView.swift in Sources */ = {isa = PBXBuildFile; fileRef = B41FBE812A44A2AA00037A54 /* NatureCollectionView.swift */; };
		B41FBE842A46E76F00037A54 /* birds.mp3 in Resources */ = {isa = PBXBuildFile; fileRef = B41FBE832A46E76F00037A54 /* birds.mp3 */; };
		B41FBE862A46F0BE00037A54 /* RainSound.mp3 in Resources */ = {isa = PBXBuildFile; fileRef = B41FBE852A46F0BE00037A54 /* RainSound.mp3 */; };
		B41FBE8A2A46FBC800037A54 /* Forest.mp3 in Resources */ = {isa = PBXBuildFile; fileRef = B41FBE892A46FBC800037A54 /* Forest.mp3 */; };
		B41FBE8C2A46FCD600037A54 /* Fire.mp3 in Resources */ = {isa = PBXBuildFile; fileRef = B41FBE8B2A46FCD600037A54 /* Fire.mp3 */; };
		B41FBE932A47063C00037A54 /* Cat.mp3 in Resources */ = {isa = PBXBuildFile; fileRef = B41FBE922A47063C00037A54 /* Cat.mp3 */; };
		B41FBE952A47082600037A54 /* Waves.mp3 in Resources */ = {isa = PBXBuildFile; fileRef = B41FBE942A47082600037A54 /* Waves.mp3 */; };
		B41FBE972A48AC2700037A54 /* Keyboard.mp3 in Resources */ = {isa = PBXBuildFile; fileRef = B41FBE962A48AC2700037A54 /* Keyboard.mp3 */; };
		B41FBE992A49D57900037A54 /* Frogs.mp3 in Resources */ = {isa = PBXBuildFile; fileRef = B41FBE982A49D57900037A54 /* Frogs.mp3 */; };
		B41FBE9B2A4B1E5600037A54 /* River.mp3 in Resources */ = {isa = PBXBuildFile; fileRef = B41FBE9A2A4B1E5600037A54 /* River.mp3 */; };
		B41FBE9D2A4CA30E00037A54 /* TimerController.swift in Sources */ = {isa = PBXBuildFile; fileRef = B41FBE9C2A4CA30E00037A54 /* TimerController.swift */; };
		B41FBE9F2A50A94000037A54 /* Descriptions.swift in Sources */ = {isa = PBXBuildFile; fileRef = B41FBE9E2A50A94000037A54 /* Descriptions.swift */; };
		B41FBEA12A51626200037A54 /* Train.mp3 in Resources */ = {isa = PBXBuildFile; fileRef = B41FBEA02A51626200037A54 /* Train.mp3 */; };
		B41FBEA32A51685000037A54 /* Bar.mp3 in Resources */ = {isa = PBXBuildFile; fileRef = B41FBEA22A51685000037A54 /* Bar.mp3 */; };
/* End PBXBuildFile section */

/* Begin PBXFileReference section */
		B401E3862A3D73870084557F /* MindBeats.app */ = {isa = PBXFileReference; explicitFileType = wrapper.application; includeInIndex = 0; path = MindBeats.app; sourceTree = BUILT_PRODUCTS_DIR; };
		B401E3892A3D73870084557F /* AppDelegate.swift */ = {isa = PBXFileReference; lastKnownFileType = sourcecode.swift; path = AppDelegate.swift; sourceTree = "<group>"; };
		B401E38B2A3D73870084557F /* SceneDelegate.swift */ = {isa = PBXFileReference; lastKnownFileType = sourcecode.swift; path = SceneDelegate.swift; sourceTree = "<group>"; };
		B401E38D2A3D73870084557F /* MusicController.swift */ = {isa = PBXFileReference; lastKnownFileType = sourcecode.swift; path = MusicController.swift; sourceTree = "<group>"; };
		B401E3922A3D73890084557F /* Assets.xcassets */ = {isa = PBXFileReference; lastKnownFileType = folder.assetcatalog; path = Assets.xcassets; sourceTree = "<group>"; };
		B401E3952A3D73890084557F /* Base */ = {isa = PBXFileReference; lastKnownFileType = file.storyboard; name = Base; path = Base.lproj/LaunchScreen.storyboard; sourceTree = "<group>"; };
		B401E3972A3D73890084557F /* Info.plist */ = {isa = PBXFileReference; lastKnownFileType = text.plist.xml; path = Info.plist; sourceTree = "<group>"; };
		B401E39D2A3D74F30084557F /* PurrpleCat.mp3 */ = {isa = PBXFileReference; lastKnownFileType = audio.mp3; path = PurrpleCat.mp3; sourceTree = "<group>"; };
		B401E39F2A3D75440084557F /* Colors.swift */ = {isa = PBXFileReference; lastKnownFileType = sourcecode.swift; path = Colors.swift; sourceTree = "<group>"; };
		B401E3A12A3D768B0084557F /* R.swift */ = {isa = PBXFileReference; lastKnownFileType = sourcecode.swift; path = R.swift; sourceTree = "<group>"; };
		B401E3AA2A3F99BD0084557F /* Disk.swift */ = {isa = PBXFileReference; lastKnownFileType = sourcecode.swift; path = Disk.swift; sourceTree = "<group>"; };
		B401E3AC2A40474E0084557F /* NavigationBar.swift */ = {isa = PBXFileReference; lastKnownFileType = sourcecode.swift; path = NavigationBar.swift; sourceTree = "<group>"; };
		B401E3AE2A4048860084557F /* MusicNavBar.swift */ = {isa = PBXFileReference; lastKnownFileType = sourcecode.swift; path = MusicNavBar.swift; sourceTree = "<group>"; };
		B401E3B02A404F350084557F /* Button.swift */ = {isa = PBXFileReference; lastKnownFileType = sourcecode.swift; path = Button.swift; sourceTree = "<group>"; };
		B41FBE392A4077B400037A54 /* Heart-Of-The-Ocean.mp3 */ = {isa = PBXFileReference; lastKnownFileType = audio.mp3; path = "Heart-Of-The-Ocean.mp3"; sourceTree = "<group>"; };
		B41FBE402A4194CF00037A54 /* MainView.swift */ = {isa = PBXFileReference; lastKnownFileType = sourcecode.swift; path = MainView.swift; sourceTree = "<group>"; };
		B41FBE422A41AC9A00037A54 /* MainScreenButtons.swift */ = {isa = PBXFileReference; lastKnownFileType = sourcecode.swift; path = MainScreenButtons.swift; sourceTree = "<group>"; };
		B41FBE442A41D8AB00037A54 /* Ext.swift */ = {isa = PBXFileReference; lastKnownFileType = sourcecode.swift; path = Ext.swift; sourceTree = "<group>"; };
		B41FBE472A42208A00037A54 /* StormClouds.mp3 */ = {isa = PBXFileReference; lastKnownFileType = audio.mp3; name = StormClouds.mp3; path = ../../../../../../Downloads/StormClouds.mp3; sourceTree = "<group>"; };
		B41FBE492A42726E00037A54 /* Rain.mp3 */ = {isa = PBXFileReference; lastKnownFileType = audio.mp3; name = Rain.mp3; path = ../../../../../../Downloads/Rain.mp3; sourceTree = "<group>"; };
		B41FBE4B2A42740800037A54 /* SilentWood.mp3 */ = {isa = PBXFileReference; lastKnownFileType = audio.mp3; name = SilentWood.mp3; path = ../../../../../../Downloads/SilentWood.mp3; sourceTree = "<group>"; };
		B41FBE4D2A42757200037A54 /* PurpleDream.mp3 */ = {isa = PBXFileReference; lastKnownFileType = audio.mp3; name = PurpleDream.mp3; path = ../../../../../../Downloads/PurpleDream.mp3; sourceTree = "<group>"; };
		B41FBE6D2A44A14800037A54 /* SoundsController.swift */ = {isa = PBXFileReference; lastKnownFileType = sourcecode.swift; path = SoundsController.swift; sourceTree = "<group>"; };
		B41FBE712A44A18600037A54 /* OtherCollection.swift */ = {isa = PBXFileReference; lastKnownFileType = sourcecode.swift; path = OtherCollection.swift; sourceTree = "<group>"; };
		B41FBE732A44A19300037A54 /* OtherCell.swift */ = {isa = PBXFileReference; lastKnownFileType = sourcecode.swift; path = OtherCell.swift; sourceTree = "<group>"; };
		B41FBE762A44A1C500037A54 /* AnimalCollection.swift */ = {isa = PBXFileReference; lastKnownFileType = sourcecode.swift; path = AnimalCollection.swift; sourceTree = "<group>"; };
		B41FBE782A44A1D400037A54 /* AnimalCell.swift */ = {isa = PBXFileReference; lastKnownFileType = sourcecode.swift; path = AnimalCell.swift; sourceTree = "<group>"; };
		B41FBE7A2A44A21800037A54 /* SoundsHeaders.swift */ = {isa = PBXFileReference; lastKnownFileType = sourcecode.swift; path = SoundsHeaders.swift; sourceTree = "<group>"; };
		B41FBE7E2A44A27A00037A54 /* NatureCell.swift */ = {isa = PBXFileReference; lastKnownFileType = sourcecode.swift; path = NatureCell.swift; sourceTree = "<group>"; };
		B41FBE812A44A2AA00037A54 /* NatureCollectionView.swift */ = {isa = PBXFileReference; lastKnownFileType = sourcecode.swift; path = NatureCollectionView.swift; sourceTree = "<group>"; };
		B41FBE832A46E76F00037A54 /* birds.mp3 */ = {isa = PBXFileReference; lastKnownFileType = audio.mp3; name = birds.mp3; path = ../../../../../../Downloads/birds.mp3; sourceTree = "<group>"; };
		B41FBE852A46F0BE00037A54 /* RainSound.mp3 */ = {isa = PBXFileReference; lastKnownFileType = audio.mp3; name = RainSound.mp3; path = ../../../../../../Downloads/RainSound.mp3; sourceTree = "<group>"; };
		B41FBE892A46FBC800037A54 /* Forest.mp3 */ = {isa = PBXFileReference; lastKnownFileType = audio.mp3; name = Forest.mp3; path = ../../../../../../Downloads/Forest.mp3; sourceTree = "<group>"; };
		B41FBE8B2A46FCD600037A54 /* Fire.mp3 */ = {isa = PBXFileReference; lastKnownFileType = audio.mp3; name = Fire.mp3; path = ../../../../../../Downloads/Fire.mp3; sourceTree = "<group>"; };
		B41FBE922A47063C00037A54 /* Cat.mp3 */ = {isa = PBXFileReference; lastKnownFileType = audio.mp3; name = Cat.mp3; path = ../../../../../../Downloads/Cat.mp3; sourceTree = "<group>"; };
		B41FBE942A47082600037A54 /* Waves.mp3 */ = {isa = PBXFileReference; lastKnownFileType = audio.mp3; name = Waves.mp3; path = ../../../../../../Downloads/Waves.mp3; sourceTree = "<group>"; };
		B41FBE962A48AC2700037A54 /* Keyboard.mp3 */ = {isa = PBXFileReference; lastKnownFileType = audio.mp3; name = Keyboard.mp3; path = ../../../../../../Downloads/Keyboard.mp3; sourceTree = "<group>"; };
		B41FBE982A49D57900037A54 /* Frogs.mp3 */ = {isa = PBXFileReference; lastKnownFileType = audio.mp3; name = Frogs.mp3; path = ../../../../../../Downloads/Frogs.mp3; sourceTree = "<group>"; };
		B41FBE9A2A4B1E5600037A54 /* River.mp3 */ = {isa = PBXFileReference; lastKnownFileType = audio.mp3; name = River.mp3; path = ../../../../../../Downloads/River.mp3; sourceTree = "<group>"; };
		B41FBE9C2A4CA30E00037A54 /* TimerController.swift */ = {isa = PBXFileReference; lastKnownFileType = sourcecode.swift; path = TimerController.swift; sourceTree = "<group>"; };
		B41FBE9E2A50A94000037A54 /* Descriptions.swift */ = {isa = PBXFileReference; lastKnownFileType = sourcecode.swift; path = Descriptions.swift; sourceTree = "<group>"; };
		B41FBEA02A51626200037A54 /* Train.mp3 */ = {isa = PBXFileReference; lastKnownFileType = audio.mp3; name = Train.mp3; path = ../../../../../../Downloads/Train.mp3; sourceTree = "<group>"; };
		B41FBEA22A51685000037A54 /* Bar.mp3 */ = {isa = PBXFileReference; lastKnownFileType = audio.mp3; name = Bar.mp3; path = ../../../../../../Downloads/Bar.mp3; sourceTree = "<group>"; };
/* End PBXFileReference section */

/* Begin PBXFrameworksBuildPhase section */
		B401E3832A3D73870084557F /* Frameworks */ = {
			isa = PBXFrameworksBuildPhase;
			buildActionMask = 2147483647;
			files = (
			);
			runOnlyForDeploymentPostprocessing = 0;
		};
/* End PBXFrameworksBuildPhase section */

/* Begin PBXGroup section */
		B401E37D2A3D73870084557F = {
			isa = PBXGroup;
			children = (
				B401E3882A3D73870084557F /* MindBeats */,
				B401E3872A3D73870084557F /* Products */,
			);
			sourceTree = "<group>";
		};
		B401E3872A3D73870084557F /* Products */ = {
			isa = PBXGroup;
			children = (
				B401E3862A3D73870084557F /* MindBeats.app */,
			);
			name = Products;
			sourceTree = "<group>";
		};
		B401E3882A3D73870084557F /* MindBeats */ = {
			isa = PBXGroup;
			children = (
				B41FBE6F2A44A15800037A54 /* Sounds */,
				B41FBE462A41E7E700037A54 /* MainView */,
				B41FBE3F2A41945900037A54 /* Songs */,
				B41FBE3E2A41944300037A54 /* System */,
				B41FBE3B2A41940800037A54 /* Lo-Fi Screen */,
				B401E3922A3D73890084557F /* Assets.xcassets */,
				B401E3942A3D73890084557F /* LaunchScreen.storyboard */,
				B401E3972A3D73890084557F /* Info.plist */,
			);
			path = MindBeats;
			sourceTree = "<group>";
		};
		B41FBE3B2A41940800037A54 /* Lo-Fi Screen */ = {
			isa = PBXGroup;
			children = (
				B401E3AE2A4048860084557F /* MusicNavBar.swift */,
				B401E38D2A3D73870084557F /* MusicController.swift */,
				B401E3B02A404F350084557F /* Button.swift */,
				B401E3AA2A3F99BD0084557F /* Disk.swift */,
				B41FBE9E2A50A94000037A54 /* Descriptions.swift */,
			);
			path = "Lo-Fi Screen";
			sourceTree = "<group>";
		};
		B41FBE3E2A41944300037A54 /* System */ = {
			isa = PBXGroup;
			children = (
				B401E3AC2A40474E0084557F /* NavigationBar.swift */,
				B401E39F2A3D75440084557F /* Colors.swift */,
				B401E3A12A3D768B0084557F /* R.swift */,
				B41FBE442A41D8AB00037A54 /* Ext.swift */,
				B401E38B2A3D73870084557F /* SceneDelegate.swift */,
				B401E3892A3D73870084557F /* AppDelegate.swift */,
			);
			path = System;
			sourceTree = "<group>";
		};
		B41FBE3F2A41945900037A54 /* Songs */ = {
			isa = PBXGroup;
			children = (
				B41FBEA22A51685000037A54 /* Bar.mp3 */,
				B41FBEA02A51626200037A54 /* Train.mp3 */,
				B41FBE9A2A4B1E5600037A54 /* River.mp3 */,
				B41FBE982A49D57900037A54 /* Frogs.mp3 */,
				B41FBE962A48AC2700037A54 /* Keyboard.mp3 */,
				B41FBE942A47082600037A54 /* Waves.mp3 */,
				B41FBE922A47063C00037A54 /* Cat.mp3 */,
				B41FBE8B2A46FCD600037A54 /* Fire.mp3 */,
				B41FBE892A46FBC800037A54 /* Forest.mp3 */,
				B41FBE852A46F0BE00037A54 /* RainSound.mp3 */,
				B41FBE832A46E76F00037A54 /* birds.mp3 */,
				B401E39D2A3D74F30084557F /* PurrpleCat.mp3 */,
				B41FBE392A4077B400037A54 /* Heart-Of-The-Ocean.mp3 */,
				B41FBE492A42726E00037A54 /* Rain.mp3 */,
				B41FBE4B2A42740800037A54 /* SilentWood.mp3 */,
				B41FBE472A42208A00037A54 /* StormClouds.mp3 */,
				B41FBE4D2A42757200037A54 /* PurpleDream.mp3 */,
			);
			path = Songs;
			sourceTree = "<group>";
		};
		B41FBE462A41E7E700037A54 /* MainView */ = {
			isa = PBXGroup;
			children = (
				B41FBE402A4194CF00037A54 /* MainView.swift */,
				B41FBE422A41AC9A00037A54 /* MainScreenButtons.swift */,
			);
			path = MainView;
			sourceTree = "<group>";
		};
		B41FBE6F2A44A15800037A54 /* Sounds */ = {
			isa = PBXGroup;
			children = (
				B41FBE752A44A1B600037A54 /* Animals */,
				B41FBE802A44A28100037A54 /* Nature */,
				B41FBE702A44A16D00037A54 /* Other */,
				B41FBE6D2A44A14800037A54 /* SoundsController.swift */,
				B41FBE9C2A4CA30E00037A54 /* TimerController.swift */,
				B41FBE7A2A44A21800037A54 /* SoundsHeaders.swift */,
			);
			path = Sounds;
			sourceTree = "<group>";
		};
		B41FBE702A44A16D00037A54 /* Other */ = {
			isa = PBXGroup;
			children = (
				B41FBE712A44A18600037A54 /* OtherCollection.swift */,
				B41FBE732A44A19300037A54 /* OtherCell.swift */,
			);
			path = Other;
			sourceTree = "<group>";
		};
		B41FBE752A44A1B600037A54 /* Animals */ = {
			isa = PBXGroup;
			children = (
				B41FBE762A44A1C500037A54 /* AnimalCollection.swift */,
				B41FBE782A44A1D400037A54 /* AnimalCell.swift */,
			);
			path = Animals;
			sourceTree = "<group>";
		};
		B41FBE802A44A28100037A54 /* Nature */ = {
			isa = PBXGroup;
			children = (
				B41FBE7E2A44A27A00037A54 /* NatureCell.swift */,
				B41FBE812A44A2AA00037A54 /* NatureCollectionView.swift */,
			);
			path = Nature;
			sourceTree = "<group>";
		};
/* End PBXGroup section */

/* Begin PBXNativeTarget section */
		B401E3852A3D73870084557F /* MindBeats */ = {
			isa = PBXNativeTarget;
			buildConfigurationList = B401E39A2A3D73890084557F /* Build configuration list for PBXNativeTarget "MindBeats" */;
			buildPhases = (
				B401E3822A3D73870084557F /* Sources */,
				B401E3832A3D73870084557F /* Frameworks */,
				B401E3842A3D73870084557F /* Resources */,
			);
			buildRules = (
			);
			dependencies = (
			);
			name = MindBeats;
			productName = MindBeats;
			productReference = B401E3862A3D73870084557F /* MindBeats.app */;
			productType = "com.apple.product-type.application";
		};
/* End PBXNativeTarget section */

/* Begin PBXProject section */
		B401E37E2A3D73870084557F /* Project object */ = {
			isa = PBXProject;
			attributes = {
				BuildIndependentTargetsInParallel = 1;
				LastSwiftUpdateCheck = 1430;
				LastUpgradeCheck = 1430;
				TargetAttributes = {
					B401E3852A3D73870084557F = {
						CreatedOnToolsVersion = 14.3.1;
					};
				};
			};
			buildConfigurationList = B401E3812A3D73870084557F /* Build configuration list for PBXProject "MindBeats" */;
			compatibilityVersion = "Xcode 14.0";
			developmentRegion = en;
			hasScannedForEncodings = 0;
			knownRegions = (
				en,
				Base,
			);
			mainGroup = B401E37D2A3D73870084557F;
			productRefGroup = B401E3872A3D73870084557F /* Products */;
			projectDirPath = "";
			projectRoot = "";
			targets = (
				B401E3852A3D73870084557F /* MindBeats */,
			);
		};
/* End PBXProject section */

/* Begin PBXResourcesBuildPhase section */
		B401E3842A3D73870084557F /* Resources */ = {
			isa = PBXResourcesBuildPhase;
			buildActionMask = 2147483647;
			files = (
				B401E3962A3D73890084557F /* LaunchScreen.storyboard in Resources */,
				B41FBE4E2A42757200037A54 /* PurpleDream.mp3 in Resources */,
				B41FBE8C2A46FCD600037A54 /* Fire.mp3 in Resources */,
				B41FBE842A46E76F00037A54 /* birds.mp3 in Resources */,
				B41FBEA12A51626200037A54 /* Train.mp3 in Resources */,
				B41FBE862A46F0BE00037A54 /* RainSound.mp3 in Resources */,
				B41FBE482A42208A00037A54 /* StormClouds.mp3 in Resources */,
				B41FBE4C2A42740800037A54 /* SilentWood.mp3 in Resources */,
				B41FBE4A2A42726E00037A54 /* Rain.mp3 in Resources */,
				B41FBE9B2A4B1E5600037A54 /* River.mp3 in Resources */,
				B41FBEA32A51685000037A54 /* Bar.mp3 in Resources */,
				B41FBE972A48AC2700037A54 /* Keyboard.mp3 in Resources */,
				B401E3932A3D73890084557F /* Assets.xcassets in Resources */,
				B41FBE992A49D57900037A54 /* Frogs.mp3 in Resources */,
				B401E39E2A3D74F30084557F /* PurrpleCat.mp3 in Resources */,
				B41FBE3A2A4077B400037A54 /* Heart-Of-The-Ocean.mp3 in Resources */,
				B41FBE8A2A46FBC800037A54 /* Forest.mp3 in Resources */,
				B41FBE932A47063C00037A54 /* Cat.mp3 in Resources */,
				B41FBE952A47082600037A54 /* Waves.mp3 in Resources */,
			);
			runOnlyForDeploymentPostprocessing = 0;
		};
/* End PBXResourcesBuildPhase section */

/* Begin PBXSourcesBuildPhase section */
		B401E3822A3D73870084557F /* Sources */ = {
			isa = PBXSourcesBuildPhase;
			buildActionMask = 2147483647;
			files = (
				B41FBE772A44A1C500037A54 /* AnimalCollection.swift in Sources */,
				B401E3AB2A3F99BD0084557F /* Disk.swift in Sources */,
				B41FBE792A44A1D400037A54 /* AnimalCell.swift in Sources */,
				B41FBE742A44A19300037A54 /* OtherCell.swift in Sources */,
				B401E3AD2A40474E0084557F /* NavigationBar.swift in Sources */,
				B41FBE7F2A44A27A00037A54 /* NatureCell.swift in Sources */,
				B41FBE9F2A50A94000037A54 /* Descriptions.swift in Sources */,
				B401E3A02A3D75440084557F /* Colors.swift in Sources */,
				B401E38A2A3D73870084557F /* AppDelegate.swift in Sources */,
				B41FBE432A41AC9A00037A54 /* MainScreenButtons.swift in Sources */,
				B41FBE722A44A18600037A54 /* OtherCollection.swift in Sources */,
				B41FBE6E2A44A14800037A54 /* SoundsController.swift in Sources */,
				B41FBE9D2A4CA30E00037A54 /* TimerController.swift in Sources */,
				B41FBE452A41D8AB00037A54 /* Ext.swift in Sources */,
				B41FBE7B2A44A21800037A54 /* SoundsHeaders.swift in Sources */,
				B401E3A22A3D768B0084557F /* R.swift in Sources */,
				B41FBE822A44A2AA00037A54 /* NatureCollectionView.swift in Sources */,
				B401E3B12A404F350084557F /* Button.swift in Sources */,
				B41FBE412A4194CF00037A54 /* MainView.swift in Sources */,
				B401E3A72A3D85710084557F /* MusicController.swift in Sources */,
				B401E3AF2A4048860084557F /* MusicNavBar.swift in Sources */,
				B401E38C2A3D73870084557F /* SceneDelegate.swift in Sources */,
			);
			runOnlyForDeploymentPostprocessing = 0;
		};
/* End PBXSourcesBuildPhase section */

/* Begin PBXVariantGroup section */
		B401E3942A3D73890084557F /* LaunchScreen.storyboard */ = {
			isa = PBXVariantGroup;
			children = (
				B401E3952A3D73890084557F /* Base */,
			);
			name = LaunchScreen.storyboard;
			sourceTree = "<group>";
		};
/* End PBXVariantGroup section */

/* Begin XCBuildConfiguration section */
		B401E3982A3D73890084557F /* Debug */ = {
			isa = XCBuildConfiguration;
			buildSettings = {
				ALWAYS_SEARCH_USER_PATHS = NO;
				CLANG_ANALYZER_NONNULL = YES;
				CLANG_ANALYZER_NUMBER_OBJECT_CONVERSION = YES_AGGRESSIVE;
				CLANG_CXX_LANGUAGE_STANDARD = "gnu++20";
				CLANG_ENABLE_MODULES = YES;
				CLANG_ENABLE_OBJC_ARC = YES;
				CLANG_ENABLE_OBJC_WEAK = YES;
				CLANG_WARN_BLOCK_CAPTURE_AUTORELEASING = YES;
				CLANG_WARN_BOOL_CONVERSION = YES;
				CLANG_WARN_COMMA = YES;
				CLANG_WARN_CONSTANT_CONVERSION = YES;
				CLANG_WARN_DEPRECATED_OBJC_IMPLEMENTATIONS = YES;
				CLANG_WARN_DIRECT_OBJC_ISA_USAGE = YES_ERROR;
				CLANG_WARN_DOCUMENTATION_COMMENTS = YES;
				CLANG_WARN_EMPTY_BODY = YES;
				CLANG_WARN_ENUM_CONVERSION = YES;
				CLANG_WARN_INFINITE_RECURSION = YES;
				CLANG_WARN_INT_CONVERSION = YES;
				CLANG_WARN_NON_LITERAL_NULL_CONVERSION = YES;
				CLANG_WARN_OBJC_IMPLICIT_RETAIN_SELF = YES;
				CLANG_WARN_OBJC_LITERAL_CONVERSION = YES;
				CLANG_WARN_OBJC_ROOT_CLASS = YES_ERROR;
				CLANG_WARN_QUOTED_INCLUDE_IN_FRAMEWORK_HEADER = YES;
				CLANG_WARN_RANGE_LOOP_ANALYSIS = YES;
				CLANG_WARN_STRICT_PROTOTYPES = YES;
				CLANG_WARN_SUSPICIOUS_MOVE = YES;
				CLANG_WARN_UNGUARDED_AVAILABILITY = YES_AGGRESSIVE;
				CLANG_WARN_UNREACHABLE_CODE = YES;
				CLANG_WARN__DUPLICATE_METHOD_MATCH = YES;
				COPY_PHASE_STRIP = NO;
				DEBUG_INFORMATION_FORMAT = dwarf;
				ENABLE_STRICT_OBJC_MSGSEND = YES;
				ENABLE_TESTABILITY = YES;
				GCC_C_LANGUAGE_STANDARD = gnu11;
				GCC_DYNAMIC_NO_PIC = NO;
				GCC_NO_COMMON_BLOCKS = YES;
				GCC_OPTIMIZATION_LEVEL = 0;
				GCC_PREPROCESSOR_DEFINITIONS = (
					"DEBUG=1",
					"$(inherited)",
				);
				GCC_WARN_64_TO_32_BIT_CONVERSION = YES;
				GCC_WARN_ABOUT_RETURN_TYPE = YES_ERROR;
				GCC_WARN_UNDECLARED_SELECTOR = YES;
				GCC_WARN_UNINITIALIZED_AUTOS = YES_AGGRESSIVE;
				GCC_WARN_UNUSED_FUNCTION = YES;
				GCC_WARN_UNUSED_VARIABLE = YES;
				IPHONEOS_DEPLOYMENT_TARGET = 16.4;
				MTL_ENABLE_DEBUG_INFO = INCLUDE_SOURCE;
				MTL_FAST_MATH = YES;
				ONLY_ACTIVE_ARCH = YES;
				SDKROOT = iphoneos;
				SWIFT_ACTIVE_COMPILATION_CONDITIONS = DEBUG;
				SWIFT_OPTIMIZATION_LEVEL = "-Onone";
			};
			name = Debug;
		};
		B401E3992A3D73890084557F /* Release */ = {
			isa = XCBuildConfiguration;
			buildSettings = {
				ALWAYS_SEARCH_USER_PATHS = NO;
				CLANG_ANALYZER_NONNULL = YES;
				CLANG_ANALYZER_NUMBER_OBJECT_CONVERSION = YES_AGGRESSIVE;
				CLANG_CXX_LANGUAGE_STANDARD = "gnu++20";
				CLANG_ENABLE_MODULES = YES;
				CLANG_ENABLE_OBJC_ARC = YES;
				CLANG_ENABLE_OBJC_WEAK = YES;
				CLANG_WARN_BLOCK_CAPTURE_AUTORELEASING = YES;
				CLANG_WARN_BOOL_CONVERSION = YES;
				CLANG_WARN_COMMA = YES;
				CLANG_WARN_CONSTANT_CONVERSION = YES;
				CLANG_WARN_DEPRECATED_OBJC_IMPLEMENTATIONS = YES;
				CLANG_WARN_DIRECT_OBJC_ISA_USAGE = YES_ERROR;
				CLANG_WARN_DOCUMENTATION_COMMENTS = YES;
				CLANG_WARN_EMPTY_BODY = YES;
				CLANG_WARN_ENUM_CONVERSION = YES;
				CLANG_WARN_INFINITE_RECURSION = YES;
				CLANG_WARN_INT_CONVERSION = YES;
				CLANG_WARN_NON_LITERAL_NULL_CONVERSION = YES;
				CLANG_WARN_OBJC_IMPLICIT_RETAIN_SELF = YES;
				CLANG_WARN_OBJC_LITERAL_CONVERSION = YES;
				CLANG_WARN_OBJC_ROOT_CLASS = YES_ERROR;
				CLANG_WARN_QUOTED_INCLUDE_IN_FRAMEWORK_HEADER = YES;
				CLANG_WARN_RANGE_LOOP_ANALYSIS = YES;
				CLANG_WARN_STRICT_PROTOTYPES = YES;
				CLANG_WARN_SUSPICIOUS_MOVE = YES;
				CLANG_WARN_UNGUARDED_AVAILABILITY = YES_AGGRESSIVE;
				CLANG_WARN_UNREACHABLE_CODE = YES;
				CLANG_WARN__DUPLICATE_METHOD_MATCH = YES;
				COPY_PHASE_STRIP = NO;
				DEBUG_INFORMATION_FORMAT = "dwarf-with-dsym";
				ENABLE_NS_ASSERTIONS = NO;
				ENABLE_STRICT_OBJC_MSGSEND = YES;
				GCC_C_LANGUAGE_STANDARD = gnu11;
				GCC_NO_COMMON_BLOCKS = YES;
				GCC_WARN_64_TO_32_BIT_CONVERSION = YES;
				GCC_WARN_ABOUT_RETURN_TYPE = YES_ERROR;
				GCC_WARN_UNDECLARED_SELECTOR = YES;
				GCC_WARN_UNINITIALIZED_AUTOS = YES_AGGRESSIVE;
				GCC_WARN_UNUSED_FUNCTION = YES;
				GCC_WARN_UNUSED_VARIABLE = YES;
				IPHONEOS_DEPLOYMENT_TARGET = 16.4;
				MTL_ENABLE_DEBUG_INFO = NO;
				MTL_FAST_MATH = YES;
				SDKROOT = iphoneos;
				SWIFT_COMPILATION_MODE = wholemodule;
				SWIFT_OPTIMIZATION_LEVEL = "-O";
				VALIDATE_PRODUCT = YES;
			};
			name = Release;
		};
		B401E39B2A3D73890084557F /* Debug */ = {
			isa = XCBuildConfiguration;
			buildSettings = {
				ASSETCATALOG_COMPILER_APPICON_NAME = AppIcon;
				ASSETCATALOG_COMPILER_GLOBAL_ACCENT_COLOR_NAME = AccentColor;
				CODE_SIGN_STYLE = Automatic;
				CURRENT_PROJECT_VERSION = 1;
				DEVELOPMENT_TEAM = N4AY2827DP;
				GENERATE_INFOPLIST_FILE = YES;
				INFOPLIST_FILE = MindBeats/Info.plist;
				INFOPLIST_KEY_UIApplicationSupportsIndirectInputEvents = YES;
				INFOPLIST_KEY_UILaunchStoryboardName = LaunchScreen;
				INFOPLIST_KEY_UISupportedInterfaceOrientations = UIInterfaceOrientationPortrait;
				INFOPLIST_KEY_UISupportedInterfaceOrientations_iPad = "UIInterfaceOrientationLandscapeLeft UIInterfaceOrientationLandscapeRight UIInterfaceOrientationPortrait UIInterfaceOrientationPortraitUpsideDown";
				LD_RUNPATH_SEARCH_PATHS = (
					"$(inherited)",
					"@executable_path/Frameworks",
				);
				MARKETING_VERSION = 1.0;
				PRODUCT_BUNDLE_IDENTIFIER = MK.MindBeats;
				PRODUCT_NAME = "$(TARGET_NAME)";
				SUPPORTED_PLATFORMS = "iphoneos iphonesimulator";
				SUPPORTS_MACCATALYST = NO;
				SUPPORTS_MAC_DESIGNED_FOR_IPHONE_IPAD = NO;
				SWIFT_EMIT_LOC_STRINGS = YES;
				SWIFT_VERSION = 5.0;
				TARGETED_DEVICE_FAMILY = 1;
			};
			name = Debug;
		};
		B401E39C2A3D73890084557F /* Release */ = {
			isa = XCBuildConfiguration;
			buildSettings = {
				ASSETCATALOG_COMPILER_APPICON_NAME = AppIcon;
				ASSETCATALOG_COMPILER_GLOBAL_ACCENT_COLOR_NAME = AccentColor;
				CODE_SIGN_STYLE = Automatic;
				CURRENT_PROJECT_VERSION = 1;
				DEVELOPMENT_TEAM = N4AY2827DP;
				GENERATE_INFOPLIST_FILE = YES;
				INFOPLIST_FILE = MindBeats/Info.plist;
				INFOPLIST_KEY_UIApplicationSupportsIndirectInputEvents = YES;
				INFOPLIST_KEY_UILaunchStoryboardName = LaunchScreen;
				INFOPLIST_KEY_UISupportedInterfaceOrientations = UIInterfaceOrientationPortrait;
				INFOPLIST_KEY_UISupportedInterfaceOrientations_iPad = "UIInterfaceOrientationLandscapeLeft UIInterfaceOrientationLandscapeRight UIInterfaceOrientationPortrait UIInterfaceOrientationPortraitUpsideDown";
				LD_RUNPATH_SEARCH_PATHS = (
					"$(inherited)",
					"@executable_path/Frameworks",
				);
				MARKETING_VERSION = 1.0;
				PRODUCT_BUNDLE_IDENTIFIER = MK.MindBeats;
				PRODUCT_NAME = "$(TARGET_NAME)";
				SUPPORTED_PLATFORMS = "iphoneos iphonesimulator";
				SUPPORTS_MACCATALYST = NO;
				SUPPORTS_MAC_DESIGNED_FOR_IPHONE_IPAD = NO;
				SWIFT_EMIT_LOC_STRINGS = YES;
				SWIFT_VERSION = 5.0;
				TARGETED_DEVICE_FAMILY = 1;
			};
			name = Release;
		};
/* End XCBuildConfiguration section */

/* Begin XCConfigurationList section */
		B401E3812A3D73870084557F /* Build configuration list for PBXProject "MindBeats" */ = {
			isa = XCConfigurationList;
			buildConfigurations = (
				B401E3982A3D73890084557F /* Debug */,
				B401E3992A3D73890084557F /* Release */,
			);
			defaultConfigurationIsVisible = 0;
			defaultConfigurationName = Release;
		};
		B401E39A2A3D73890084557F /* Build configuration list for PBXNativeTarget "MindBeats" */ = {
			isa = XCConfigurationList;
			buildConfigurations = (
				B401E39B2A3D73890084557F /* Debug */,
				B401E39C2A3D73890084557F /* Release */,
			);
			defaultConfigurationIsVisible = 0;
			defaultConfigurationName = Release;
		};
/* End XCConfigurationList section */
	};
	rootObject = B401E37E2A3D73870084557F /* Project object */;
}
